// !$*UTF8*$!
{
	archiveVersion = 1;
	classes = {
	};
	objectVersion = 46;
	objects = {

/* Begin PBXBuildFile section */
		AF9C1C9F1DE2DCD100F623AC /* AppDelegate.swift in Sources */ = {isa = PBXBuildFile; fileRef = AF9C1C9E1DE2DCD100F623AC /* AppDelegate.swift */; };
		AF9C1CA11DE2DCD100F623AC /* ViewController.swift in Sources */ = {isa = PBXBuildFile; fileRef = AF9C1CA01DE2DCD100F623AC /* ViewController.swift */; };
		AF9C1CA41DE2DCD100F623AC /* Main.storyboard in Resources */ = {isa = PBXBuildFile; fileRef = AF9C1CA21DE2DCD100F623AC /* Main.storyboard */; };
		AF9C1CA61DE2DCD100F623AC /* Assets.xcassets in Resources */ = {isa = PBXBuildFile; fileRef = AF9C1CA51DE2DCD100F623AC /* Assets.xcassets */; };
		AF9C1CA91DE2DCD100F623AC /* LaunchScreen.storyboard in Resources */ = {isa = PBXBuildFile; fileRef = AF9C1CA71DE2DCD100F623AC /* LaunchScreen.storyboard */; };
		AF9C1CB41DE2DCD100F623AC /* GithubSocialClientSwiftTests.swift in Sources */ = {isa = PBXBuildFile; fileRef = AF9C1CB31DE2DCD100F623AC /* GithubSocialClientSwiftTests.swift */; };
		AF9C1CBF1DE2DCD100F623AC /* GithubSocialClientSwiftUITests.swift in Sources */ = {isa = PBXBuildFile; fileRef = AF9C1CBE1DE2DCD100F623AC /* GithubSocialClientSwiftUITests.swift */; };
/* End PBXBuildFile section */

/* Begin PBXContainerItemProxy section */
		AF9C1CB01DE2DCD100F623AC /* PBXContainerItemProxy */ = {
			isa = PBXContainerItemProxy;
			containerPortal = AF9C1C931DE2DCD100F623AC /* Project object */;
			proxyType = 1;
			remoteGlobalIDString = AF9C1C9A1DE2DCD100F623AC;
			remoteInfo = GithubSocialClientSwift;
		};
		AF9C1CBB1DE2DCD100F623AC /* PBXContainerItemProxy */ = {
			isa = PBXContainerItemProxy;
			containerPortal = AF9C1C931DE2DCD100F623AC /* Project object */;
			proxyType = 1;
			remoteGlobalIDString = AF9C1C9A1DE2DCD100F623AC;
			remoteInfo = GithubSocialClientSwift;
		};
/* End PBXContainerItemProxy section */

/* Begin PBXFileReference section */
		AF9C1C9B1DE2DCD100F623AC /* GithubSocialClientSwift.app */ = {isa = PBXFileReference; explicitFileType = wrapper.application; includeInIndex = 0; path = GithubSocialClientSwift.app; sourceTree = BUILT_PRODUCTS_DIR; };
		AF9C1C9E1DE2DCD100F623AC /* AppDelegate.swift */ = {isa = PBXFileReference; lastKnownFileType = sourcecode.swift; path = AppDelegate.swift; sourceTree = "<group>"; };
		AF9C1CA01DE2DCD100F623AC /* ViewController.swift */ = {isa = PBXFileReference; lastKnownFileType = sourcecode.swift; path = ViewController.swift; sourceTree = "<group>"; };
		AF9C1CA31DE2DCD100F623AC /* Base */ = {isa = PBXFileReference; lastKnownFileType = file.storyboard; name = Base; path = Base.lproj/Main.storyboard; sourceTree = "<group>"; };
		AF9C1CA51DE2DCD100F623AC /* Assets.xcassets */ = {isa = PBXFileReference; lastKnownFileType = folder.assetcatalog; path = Assets.xcassets; sourceTree = "<group>"; };
		AF9C1CA81DE2DCD100F623AC /* Base */ = {isa = PBXFileReference; lastKnownFileType = file.storyboard; name = Base; path = Base.lproj/LaunchScreen.storyboard; sourceTree = "<group>"; };
		AF9C1CAA1DE2DCD100F623AC /* Info.plist */ = {isa = PBXFileReference; lastKnownFileType = text.plist.xml; path = Info.plist; sourceTree = "<group>"; };
		AF9C1CAF1DE2DCD100F623AC /* GithubSocialClientSwiftTests.xctest */ = {isa = PBXFileReference; explicitFileType = wrapper.cfbundle; includeInIndex = 0; path = GithubSocialClientSwiftTests.xctest; sourceTree = BUILT_PRODUCTS_DIR; };
		AF9C1CB31DE2DCD100F623AC /* GithubSocialClientSwiftTests.swift */ = {isa = PBXFileReference; lastKnownFileType = sourcecode.swift; path = GithubSocialClientSwiftTests.swift; sourceTree = "<group>"; };
		AF9C1CB51DE2DCD100F623AC /* Info.plist */ = {isa = PBXFileReference; lastKnownFileType = text.plist.xml; path = Info.plist; sourceTree = "<group>"; };
		AF9C1CBA1DE2DCD100F623AC /* GithubSocialClientSwiftUITests.xctest */ = {isa = PBXFileReference; explicitFileType = wrapper.cfbundle; includeInIndex = 0; path = GithubSocialClientSwiftUITests.xctest; sourceTree = BUILT_PRODUCTS_DIR; };
		AF9C1CBE1DE2DCD100F623AC /* GithubSocialClientSwiftUITests.swift */ = {isa = PBXFileReference; lastKnownFileType = sourcecode.swift; path = GithubSocialClientSwiftUITests.swift; sourceTree = "<group>"; };
		AF9C1CC01DE2DCD100F623AC /* Info.plist */ = {isa = PBXFileReference; lastKnownFileType = text.plist.xml; path = Info.plist; sourceTree = "<group>"; };
/* End PBXFileReference section */

/* Begin PBXFrameworksBuildPhase section */
		AF9C1C981DE2DCD100F623AC /* Frameworks */ = {
			isa = PBXFrameworksBuildPhase;
			buildActionMask = 2147483647;
			files = (
			);
			runOnlyForDeploymentPostprocessing = 0;
		};
		AF9C1CAC1DE2DCD100F623AC /* Frameworks */ = {
			isa = PBXFrameworksBuildPhase;
			buildActionMask = 2147483647;
			files = (
			);
			runOnlyForDeploymentPostprocessing = 0;
		};
		AF9C1CB71DE2DCD100F623AC /* Frameworks */ = {
			isa = PBXFrameworksBuildPhase;
			buildActionMask = 2147483647;
			files = (
			);
			runOnlyForDeploymentPostprocessing = 0;
		};
/* End PBXFrameworksBuildPhase section */

/* Begin PBXGroup section */
		AF9C1C921DE2DCD100F623AC = {
			isa = PBXGroup;
			children = (
				AF9C1C9D1DE2DCD100F623AC /* GithubSocialClientSwift */,
				AF9C1CB21DE2DCD100F623AC /* GithubSocialClientSwiftTests */,
				AF9C1CBD1DE2DCD100F623AC /* GithubSocialClientSwiftUITests */,
				AF9C1C9C1DE2DCD100F623AC /* Products */,
			);
			sourceTree = "<group>";
		};
		AF9C1C9C1DE2DCD100F623AC /* Products */ = {
			isa = PBXGroup;
			children = (
				AF9C1C9B1DE2DCD100F623AC /* GithubSocialClientSwift.app */,
				AF9C1CAF1DE2DCD100F623AC /* GithubSocialClientSwiftTests.xctest */,
				AF9C1CBA1DE2DCD100F623AC /* GithubSocialClientSwiftUITests.xctest */,
			);
			name = Products;
			sourceTree = "<group>";
		};
		AF9C1C9D1DE2DCD100F623AC /* GithubSocialClientSwift */ = {
			isa = PBXGroup;
			children = (
				AF9C1C9E1DE2DCD100F623AC /* AppDelegate.swift */,
				AF9C1CA01DE2DCD100F623AC /* ViewController.swift */,
				AF9C1CA21DE2DCD100F623AC /* Main.storyboard */,
				AF9C1CA51DE2DCD100F623AC /* Assets.xcassets */,
				AF9C1CA71DE2DCD100F623AC /* LaunchScreen.storyboard */,
				AF9C1CAA1DE2DCD100F623AC /* Info.plist */,
			);
			path = GithubSocialClientSwift;
			sourceTree = "<group>";
		};
		AF9C1CB21DE2DCD100F623AC /* GithubSocialClientSwiftTests */ = {
			isa = PBXGroup;
			children = (
				AF9C1CB31DE2DCD100F623AC /* GithubSocialClientSwiftTests.swift */,
				AF9C1CB51DE2DCD100F623AC /* Info.plist */,
			);
			path = GithubSocialClientSwiftTests;
			sourceTree = "<group>";
		};
		AF9C1CBD1DE2DCD100F623AC /* GithubSocialClientSwiftUITests */ = {
			isa = PBXGroup;
			children = (
				AF9C1CBE1DE2DCD100F623AC /* GithubSocialClientSwiftUITests.swift */,
				AF9C1CC01DE2DCD100F623AC /* Info.plist */,
			);
			path = GithubSocialClientSwiftUITests;
			sourceTree = "<group>";
		};
/* End PBXGroup section */

/* Begin PBXNativeTarget section */
		AF9C1C9A1DE2DCD100F623AC /* GithubSocialClientSwift */ = {
			isa = PBXNativeTarget;
			buildConfigurationList = AF9C1CC31DE2DCD100F623AC /* Build configuration list for PBXNativeTarget "GithubSocialClientSwift" */;
			buildPhases = (
				AF9C1C971DE2DCD100F623AC /* Sources */,
				AF9C1C981DE2DCD100F623AC /* Frameworks */,
				AF9C1C991DE2DCD100F623AC /* Resources */,
			);
			buildRules = (
			);
			dependencies = (
			);
			name = GithubSocialClientSwift;
			productName = GithubSocialClientSwift;
			productReference = AF9C1C9B1DE2DCD100F623AC /* GithubSocialClientSwift.app */;
			productType = "com.apple.product-type.application";
		};
		AF9C1CAE1DE2DCD100F623AC /* GithubSocialClientSwiftTests */ = {
			isa = PBXNativeTarget;
			buildConfigurationList = AF9C1CC61DE2DCD100F623AC /* Build configuration list for PBXNativeTarget "GithubSocialClientSwiftTests" */;
			buildPhases = (
				AF9C1CAB1DE2DCD100F623AC /* Sources */,
				AF9C1CAC1DE2DCD100F623AC /* Frameworks */,
				AF9C1CAD1DE2DCD100F623AC /* Resources */,
			);
			buildRules = (
			);
			dependencies = (
				AF9C1CB11DE2DCD100F623AC /* PBXTargetDependency */,
			);
			name = GithubSocialClientSwiftTests;
			productName = GithubSocialClientSwiftTests;
			productReference = AF9C1CAF1DE2DCD100F623AC /* GithubSocialClientSwiftTests.xctest */;
			productType = "com.apple.product-type.bundle.unit-test";
		};
		AF9C1CB91DE2DCD100F623AC /* GithubSocialClientSwiftUITests */ = {
			isa = PBXNativeTarget;
			buildConfigurationList = AF9C1CC91DE2DCD100F623AC /* Build configuration list for PBXNativeTarget "GithubSocialClientSwiftUITests" */;
			buildPhases = (
				AF9C1CB61DE2DCD100F623AC /* Sources */,
				AF9C1CB71DE2DCD100F623AC /* Frameworks */,
				AF9C1CB81DE2DCD100F623AC /* Resources */,
			);
			buildRules = (
			);
			dependencies = (
				AF9C1CBC1DE2DCD100F623AC /* PBXTargetDependency */,
			);
			name = GithubSocialClientSwiftUITests;
			productName = GithubSocialClientSwiftUITests;
			productReference = AF9C1CBA1DE2DCD100F623AC /* GithubSocialClientSwiftUITests.xctest */;
			productType = "com.apple.product-type.bundle.ui-testing";
		};
/* End PBXNativeTarget section */

/* Begin PBXProject section */
		AF9C1C931DE2DCD100F623AC /* Project object */ = {
			isa = PBXProject;
			attributes = {
				LastSwiftUpdateCheck = 0810;
				LastUpgradeCheck = 0810;
				ORGANIZATIONNAME = fps;
				TargetAttributes = {
					AF9C1C9A1DE2DCD100F623AC = {
						CreatedOnToolsVersion = 8.1;
						DevelopmentTeam = 6KJT6H8R5U;
						ProvisioningStyle = Automatic;
					};
					AF9C1CAE1DE2DCD100F623AC = {
						CreatedOnToolsVersion = 8.1;
						DevelopmentTeam = 6KJT6H8R5U;
						ProvisioningStyle = Automatic;
						TestTargetID = AF9C1C9A1DE2DCD100F623AC;
					};
					AF9C1CB91DE2DCD100F623AC = {
						CreatedOnToolsVersion = 8.1;
						DevelopmentTeam = 6KJT6H8R5U;
						ProvisioningStyle = Automatic;
						TestTargetID = AF9C1C9A1DE2DCD100F623AC;
					};
				};
			};
			buildConfigurationList = AF9C1C961DE2DCD100F623AC /* Build configuration list for PBXProject "GithubSocialClientSwift" */;
			compatibilityVersion = "Xcode 3.2";
			developmentRegion = English;
			hasScannedForEncodings = 0;
			knownRegions = (
				en,
				Base,
			);
			mainGroup = AF9C1C921DE2DCD100F623AC;
			productRefGroup = AF9C1C9C1DE2DCD100F623AC /* Products */;
			projectDirPath = "";
			projectRoot = "";
			targets = (
				AF9C1C9A1DE2DCD100F623AC /* GithubSocialClientSwift */,
				AF9C1CAE1DE2DCD100F623AC /* GithubSocialClientSwiftTests */,
				AF9C1CB91DE2DCD100F623AC /* GithubSocialClientSwiftUITests */,
			);
		};
/* End PBXProject section */

/* Begin PBXResourcesBuildPhase section */
		AF9C1C991DE2DCD100F623AC /* Resources */ = {
			isa = PBXResourcesBuildPhase;
			buildActionMask = 2147483647;
			files = (
				AF9C1CA91DE2DCD100F623AC /* LaunchScreen.storyboard in Resources */,
				AF9C1CA61DE2DCD100F623AC /* Assets.xcassets in Resources */,
				AF9C1CA41DE2DCD100F623AC /* Main.storyboard in Resources */,
			);
			runOnlyForDeploymentPostprocessing = 0;
		};
		AF9C1CAD1DE2DCD100F623AC /* Resources */ = {
			isa = PBXResourcesBuildPhase;
			buildActionMask = 2147483647;
			files = (
			);
			runOnlyForDeploymentPostprocessing = 0;
		};
		AF9C1CB81DE2DCD100F623AC /* Resources */ = {
			isa = PBXResourcesBuildPhase;
			buildActionMask = 2147483647;
			files = (
			);
			runOnlyForDeploymentPostprocessing = 0;
		};
/* End PBXResourcesBuildPhase section */

/* Begin PBXSourcesBuildPhase section */
		AF9C1C971DE2DCD100F623AC /* Sources */ = {
			isa = PBXSourcesBuildPhase;
			buildActionMask = 2147483647;
			files = (
				AF9C1CA11DE2DCD100F623AC /* ViewController.swift in Sources */,
				AF9C1C9F1DE2DCD100F623AC /* AppDelegate.swift in Sources */,
			);
			runOnlyForDeploymentPostprocessing = 0;
		};
		AF9C1CAB1DE2DCD100F623AC /* Sources */ = {
			isa = PBXSourcesBuildPhase;
			buildActionMask = 2147483647;
			files = (
				AF9C1CB41DE2DCD100F623AC /* GithubSocialClientSwiftTests.swift in Sources */,
			);
			runOnlyForDeploymentPostprocessing = 0;
		};
		AF9C1CB61DE2DCD100F623AC /* Sources */ = {
			isa = PBXSourcesBuildPhase;
			buildActionMask = 2147483647;
			files = (
				AF9C1CBF1DE2DCD100F623AC /* GithubSocialClientSwiftUITests.swift in Sources */,
			);
			runOnlyForDeploymentPostprocessing = 0;
		};
/* End PBXSourcesBuildPhase section */

/* Begin PBXTargetDependency section */
		AF9C1CB11DE2DCD100F623AC /* PBXTargetDependency */ = {
			isa = PBXTargetDependency;
			target = AF9C1C9A1DE2DCD100F623AC /* GithubSocialClientSwift */;
			targetProxy = AF9C1CB01DE2DCD100F623AC /* PBXContainerItemProxy */;
		};
		AF9C1CBC1DE2DCD100F623AC /* PBXTargetDependency */ = {
			isa = PBXTargetDependency;
			target = AF9C1C9A1DE2DCD100F623AC /* GithubSocialClientSwift */;
			targetProxy = AF9C1CBB1DE2DCD100F623AC /* PBXContainerItemProxy */;
		};
/* End PBXTargetDependency section */

/* Begin PBXVariantGroup section */
		AF9C1CA21DE2DCD100F623AC /* Main.storyboard */ = {
			isa = PBXVariantGroup;
			children = (
				AF9C1CA31DE2DCD100F623AC /* Base */,
			);
			name = Main.storyboard;
			sourceTree = "<group>";
		};
		AF9C1CA71DE2DCD100F623AC /* LaunchScreen.storyboard */ = {
			isa = PBXVariantGroup;
			children = (
				AF9C1CA81DE2DCD100F623AC /* Base */,
			);
			name = LaunchScreen.storyboard;
			sourceTree = "<group>";
		};
/* End PBXVariantGroup section */

/* Begin XCBuildConfiguration section */
		AF9C1CC11DE2DCD100F623AC /* Debug */ = {
			isa = XCBuildConfiguration;
			buildSettings = {
				ALWAYS_SEARCH_USER_PATHS = NO;
				CLANG_ANALYZER_NONNULL = YES;
				CLANG_CXX_LANGUAGE_STANDARD = "gnu++0x";
				CLANG_CXX_LIBRARY = "libc++";
				CLANG_ENABLE_MODULES = YES;
				CLANG_ENABLE_OBJC_ARC = YES;
				CLANG_WARN_BOOL_CONVERSION = YES;
				CLANG_WARN_CONSTANT_CONVERSION = YES;
				CLANG_WARN_DIRECT_OBJC_ISA_USAGE = YES_ERROR;
				CLANG_WARN_DOCUMENTATION_COMMENTS = YES;
				CLANG_WARN_EMPTY_BODY = YES;
				CLANG_WARN_ENUM_CONVERSION = YES;
				CLANG_WARN_INFINITE_RECURSION = YES;
				CLANG_WARN_INT_CONVERSION = YES;
				CLANG_WARN_OBJC_ROOT_CLASS = YES_ERROR;
				CLANG_WARN_SUSPICIOUS_MOVES = YES;
				CLANG_WARN_UNREACHABLE_CODE = YES;
				CLANG_WARN__DUPLICATE_METHOD_MATCH = YES;
				"CODE_SIGN_IDENTITY[sdk=iphoneos*]" = "iPhone Developer";
				COPY_PHASE_STRIP = NO;
				DEBUG_INFORMATION_FORMAT = dwarf;
				ENABLE_STRICT_OBJC_MSGSEND = YES;
				ENABLE_TESTABILITY = YES;
				GCC_C_LANGUAGE_STANDARD = gnu99;
				GCC_DYNAMIC_NO_PIC = NO;
				GCC_NO_COMMON_BLOCKS = YES;
				GCC_OPTIMIZATION_LEVEL = 0;
				GCC_PREPROCESSOR_DEFINITIONS = (
					"DEBUG=1",
					"$(inherited)",
				);
				GCC_WARN_64_TO_32_BIT_CONVERSION = YES;
				GCC_WARN_ABOUT_RETURN_TYPE = YES_ERROR;
				GCC_WARN_UNDECLARED_SELECTOR = YES;
				GCC_WARN_UNINITIALIZED_AUTOS = YES_AGGRESSIVE;
				GCC_WARN_UNUSED_FUNCTION = YES;
				GCC_WARN_UNUSED_VARIABLE = YES;
				IPHONEOS_DEPLOYMENT_TARGET = 10.1;
				MTL_ENABLE_DEBUG_INFO = YES;
				ONLY_ACTIVE_ARCH = YES;
				SDKROOT = iphoneos;
				SWIFT_ACTIVE_COMPILATION_CONDITIONS = DEBUG;
				SWIFT_OPTIMIZATION_LEVEL = "-Onone";
			};
			name = Debug;
		};
		AF9C1CC21DE2DCD100F623AC /* Release */ = {
			isa = XCBuildConfiguration;
			buildSettings = {
				ALWAYS_SEARCH_USER_PATHS = NO;
				CLANG_ANALYZER_NONNULL = YES;
				CLANG_CXX_LANGUAGE_STANDARD = "gnu++0x";
				CLANG_CXX_LIBRARY = "libc++";
				CLANG_ENABLE_MODULES = YES;
				CLANG_ENABLE_OBJC_ARC = YES;
				CLANG_WARN_BOOL_CONVERSION = YES;
				CLANG_WARN_CONSTANT_CONVERSION = YES;
				CLANG_WARN_DIRECT_OBJC_ISA_USAGE = YES_ERROR;
				CLANG_WARN_DOCUMENTATION_COMMENTS = YES;
				CLANG_WARN_EMPTY_BODY = YES;
				CLANG_WARN_ENUM_CONVERSION = YES;
				CLANG_WARN_INFINITE_RECURSION = YES;
				CLANG_WARN_INT_CONVERSION = YES;
				CLANG_WARN_OBJC_ROOT_CLASS = YES_ERROR;
				CLANG_WARN_SUSPICIOUS_MOVES = YES;
				CLANG_WARN_UNREACHABLE_CODE = YES;
				CLANG_WARN__DUPLICATE_METHOD_MATCH = YES;
				"CODE_SIGN_IDENTITY[sdk=iphoneos*]" = "iPhone Developer";
				COPY_PHASE_STRIP = NO;
				DEBUG_INFORMATION_FORMAT = "dwarf-with-dsym";
				ENABLE_NS_ASSERTIONS = NO;
				ENABLE_STRICT_OBJC_MSGSEND = YES;
				GCC_C_LANGUAGE_STANDARD = gnu99;
				GCC_NO_COMMON_BLOCKS = YES;
				GCC_WARN_64_TO_32_BIT_CONVERSION = YES;
				GCC_WARN_ABOUT_RETURN_TYPE = YES_ERROR;
				GCC_WARN_UNDECLARED_SELECTOR = YES;
				GCC_WARN_UNINITIALIZED_AUTOS = YES_AGGRESSIVE;
				GCC_WARN_UNUSED_FUNCTION = YES;
				GCC_WARN_UNUSED_VARIABLE = YES;
				IPHONEOS_DEPLOYMENT_TARGET = 10.1;
				MTL_ENABLE_DEBUG_INFO = NO;
				SDKROOT = iphoneos;
				SWIFT_OPTIMIZATION_LEVEL = "-Owholemodule";
				VALIDATE_PRODUCT = YES;
			};
			name = Release;
		};
		AF9C1CC41DE2DCD100F623AC /* Debug */ = {
			isa = XCBuildConfiguration;
			buildSettings = {
				ASSETCATALOG_COMPILER_APPICON_NAME = AppIcon;
				DEVELOPMENT_TEAM = 6KJT6H8R5U;
				INFOPLIST_FILE = GithubSocialClientSwift/Info.plist;
				LD_RUNPATH_SEARCH_PATHS = "$(inherited) @executable_path/Frameworks";
				PRODUCT_BUNDLE_IDENTIFIER = com.fps.GithubSocialClientSwift;
				PRODUCT_NAME = "$(TARGET_NAME)";
				SWIFT_VERSION = 3.0;
			};
			name = Debug;
		};
		AF9C1CC51DE2DCD100F623AC /* Release */ = {
			isa = XCBuildConfiguration;
			buildSettings = {
				ASSETCATALOG_COMPILER_APPICON_NAME = AppIcon;
				DEVELOPMENT_TEAM = 6KJT6H8R5U;
				INFOPLIST_FILE = GithubSocialClientSwift/Info.plist;
				LD_RUNPATH_SEARCH_PATHS = "$(inherited) @executable_path/Frameworks";
				PRODUCT_BUNDLE_IDENTIFIER = com.fps.GithubSocialClientSwift;
				PRODUCT_NAME = "$(TARGET_NAME)";
				SWIFT_VERSION = 3.0;
			};
			name = Release;
		};
		AF9C1CC71DE2DCD100F623AC /* Debug */ = {
			isa = XCBuildConfiguration;
			buildSettings = {
				ALWAYS_EMBED_SWIFT_STANDARD_LIBRARIES = YES;
				BUNDLE_LOADER = "$(TEST_HOST)";
				DEVELOPMENT_TEAM = 6KJT6H8R5U;
				INFOPLIST_FILE = GithubSocialClientSwiftTests/Info.plist;
				LD_RUNPATH_SEARCH_PATHS = "$(inherited) @executable_path/Frameworks @loader_path/Frameworks";
				PRODUCT_BUNDLE_IDENTIFIER = com.fps.GithubSocialClientSwiftTests;
				PRODUCT_NAME = "$(TARGET_NAME)";
				SWIFT_VERSION = 3.0;
				TEST_HOST = "$(BUILT_PRODUCTS_DIR)/GithubSocialClientSwift.app/GithubSocialClientSwift";
			};
			name = Debug;
		};
		AF9C1CC81DE2DCD100F623AC /* Release */ = {
			isa = XCBuildConfiguration;
			buildSettings = {
				ALWAYS_EMBED_SWIFT_STANDARD_LIBRARIES = YES;
				BUNDLE_LOADER = "$(TEST_HOST)";
				DEVELOPMENT_TEAM = 6KJT6H8R5U;
				INFOPLIST_FILE = GithubSocialClientSwiftTests/Info.plist;
				LD_RUNPATH_SEARCH_PATHS = "$(inherited) @executable_path/Frameworks @loader_path/Frameworks";
				PRODUCT_BUNDLE_IDENTIFIER = com.fps.GithubSocialClientSwiftTests;
				PRODUCT_NAME = "$(TARGET_NAME)";
				SWIFT_VERSION = 3.0;
				TEST_HOST = "$(BUILT_PRODUCTS_DIR)/GithubSocialClientSwift.app/GithubSocialClientSwift";
			};
			name = Release;
		};
		AF9C1CCA1DE2DCD100F623AC /* Debug */ = {
			isa = XCBuildConfiguration;
			buildSettings = {
				ALWAYS_EMBED_SWIFT_STANDARD_LIBRARIES = YES;
				DEVELOPMENT_TEAM = 6KJT6H8R5U;
				INFOPLIST_FILE = GithubSocialClientSwiftUITests/Info.plist;
				LD_RUNPATH_SEARCH_PATHS = "$(inherited) @executable_path/Frameworks @loader_path/Frameworks";
				PRODUCT_BUNDLE_IDENTIFIER = com.fps.GithubSocialClientSwiftUITests;
				PRODUCT_NAME = "$(TARGET_NAME)";
				SWIFT_VERSION = 3.0;
				TEST_TARGET_NAME = GithubSocialClientSwift;
			};
			name = Debug;
		};
		AF9C1CCB1DE2DCD100F623AC /* Release */ = {
			isa = XCBuildConfiguration;
			buildSettings = {
				ALWAYS_EMBED_SWIFT_STANDARD_LIBRARIES = YES;
				DEVELOPMENT_TEAM = 6KJT6H8R5U;
				INFOPLIST_FILE = GithubSocialClientSwiftUITests/Info.plist;
				LD_RUNPATH_SEARCH_PATHS = "$(inherited) @executable_path/Frameworks @loader_path/Frameworks";
				PRODUCT_BUNDLE_IDENTIFIER = com.fps.GithubSocialClientSwiftUITests;
				PRODUCT_NAME = "$(TARGET_NAME)";
				SWIFT_VERSION = 3.0;
				TEST_TARGET_NAME = GithubSocialClientSwift;
			};
			name = Release;
		};
/* End XCBuildConfiguration section */

/* Begin XCConfigurationList section */
		AF9C1C961DE2DCD100F623AC /* Build configuration list for PBXProject "GithubSocialClientSwift" */ = {
			isa = XCConfigurationList;
			buildConfigurations = (
				AF9C1CC11DE2DCD100F623AC /* Debug */,
				AF9C1CC21DE2DCD100F623AC /* Release */,
			);
			defaultConfigurationIsVisible = 0;
			defaultConfigurationName = Release;
		};
		AF9C1CC31DE2DCD100F623AC /* Build configuration list for PBXNativeTarget "GithubSocialClientSwift" */ = {
			isa = XCConfigurationList;
			buildConfigurations = (
				AF9C1CC41DE2DCD100F623AC /* Debug */,
				AF9C1CC51DE2DCD100F623AC /* Release */,
			);
			defaultConfigurationIsVisible = 0;
		};
		AF9C1CC61DE2DCD100F623AC /* Build configuration list for PBXNativeTarget "GithubSocialClientSwiftTests" */ = {
			isa = XCConfigurationList;
			buildConfigurations = (
				AF9C1CC71DE2DCD100F623AC /* Debug */,
				AF9C1CC81DE2DCD100F623AC /* Release */,
			);
			defaultConfigurationIsVisible = 0;
		};
		AF9C1CC91DE2DCD100F623AC /* Build configuration list for PBXNativeTarget "GithubSocialClientSwiftUITests" */ = {
			isa = XCConfigurationList;
			buildConfigurations = (
				AF9C1CCA1DE2DCD100F623AC /* Debug */,
				AF9C1CCB1DE2DCD100F623AC /* Release */,
			);
			defaultConfigurationIsVisible = 0;
		};
/* End XCConfigurationList section */
	};
	rootObject = AF9C1C931DE2DCD100F623AC /* Project object */;
}
